{
    "_readme": [
        "This file locks the dependencies of your project to a known state",
        "Read more about it at http://getcomposer.org/doc/01-basic-usage.md#composer-lock-the-lock-file"
    ],
    "hash": "a9e6f5501b7cb3ddfc0938d933e49ea1",
    "packages": [
        {
            "name": "jeremeamia/SuperClosure",
            "version": "1.0.1",
            "source": {
                "type": "git",
                "url": "https://github.com/jeremeamia/super_closure.git",
                "reference": "d05400085f7d4ae6f20ba30d36550836c0d061e8"
            },
            "dist": {
                "type": "zip",
                "url": "https://api.github.com/repos/jeremeamia/super_closure/zipball/d05400085f7d4ae6f20ba30d36550836c0d061e8",
                "reference": "d05400085f7d4ae6f20ba30d36550836c0d061e8",
                "shasum": ""
            },
            "require": {
                "nikic/php-parser": "~0.9",
                "php": ">=5.3.3"
            },
            "require-dev": {
                "phpunit/phpunit": "~3.7"
            },
            "type": "library",
            "autoload": {
                "psr-0": {
                    "Jeremeamia\\SuperClosure": "src/"
                }
            },
            "notification-url": "https://packagist.org/downloads/",
            "license": [
                "MIT"
            ],
            "authors": [
                {
                    "name": "Jeremy Lindblom"
                }
            ],
            "description": "Doing interesting things with closures like serialization.",
            "homepage": "https://github.com/jeremeamia/super_closure",
            "keywords": [
                "closure",
                "function",
                "parser",
                "serializable",
                "serialize",
                "tokenizer"
            ],
            "time": "2013-10-09 04:20:00"
        },
        {
            "name": "nikic/php-parser",
            "version": "v0.9.4",
            "source": {
                "type": "git",
                "url": "https://github.com/nikic/PHP-Parser.git",
                "reference": "1e5e280ae88a27effa2ae4aa2bd088494ed8594f"
            },
            "dist": {
                "type": "zip",
                "url": "https://api.github.com/repos/nikic/PHP-Parser/zipball/1e5e280ae88a27effa2ae4aa2bd088494ed8594f",
                "reference": "1e5e280ae88a27effa2ae4aa2bd088494ed8594f",
                "shasum": ""
            },
            "require": {
                "php": ">=5.2"
            },
            "type": "library",
            "extra": {
                "branch-alias": {
                    "dev-master": "0.9-dev"
                }
            },
            "autoload": {
                "psr-0": {
                    "PHPParser": "lib/"
                }
            },
            "notification-url": "https://packagist.org/downloads/",
            "license": [
                "BSD-3-Clause"
            ],
            "authors": [
                {
                    "name": "Nikita Popov"
                }
            ],
            "description": "A PHP parser written in PHP",
            "keywords": [
                "parser",
                "php"
            ],
            "time": "2013-08-25 17:11:40"
        }
    ],
    "packages-dev": [

    ],
    "aliases": [

    ],
    "minimum-stability": "stable",
    "stability-flags": [

    ],
    "platform": [

    ],
    "platform-dev": [

    ]
}
